
Microsoft Visual Studio Solution File, Format Version 12.00
# Visual Studio Version 16
VisualStudioVersion = 16.0.29509.3
MinimumVisualStudioVersion = 10.0.40219.1
Project("{9A19103F-16F7-4668-BE54-9A1E7A4F7556}") = "BlazorTest", "BlazorTest.csproj", "{20A5A6C9-7713-4974-BA08-C9F829B64F51}"
EndProject
Project("{FAE04EC0-301F-11D3-BF4B-00C04F79EFBC}") = "Common", "..\Common\Common.csproj", "{AD2D54C3-05B1-4C86-9FDD-9A1E8B5CBFC0}"
EndProject
Global
	GlobalSection(SolutionConfigurationPlatforms) = preSolution
		Debug|Any CPU = Debug|Any CPU
		Release|Any CPU = Release|Any CPU
	EndGlobalSection
	GlobalSection(ProjectConfigurationPlatforms) = postSolution
		{20A5A6C9-7713-4974-BA08-C9F829B64F51}.Debug|Any CPU.ActiveCfg = Debug|Any CPU
		{20A5A6C9-7713-4974-BA08-C9F829B64F51}.Debug|Any CPU.Build.0 = Debug|Any CPU
		{20A5A6C9-7713-4974-BA08-C9F829B64F51}.Release|Any CPU.ActiveCfg = Release|Any CPU
		{20A5A6C9-7713-4974-BA08-C9F829B64F51}.Release|Any CPU.Build.0 = Release|Any CPU
		{AD2D54C3-05B1-4C86-9FDD-9A1E8B5CBFC0}.Debug|Any CPU.ActiveCfg = Debug|Any CPU
		{AD2D54C3-05B1-4C86-9FDD-9A1E8B5CBFC0}.Debug|Any CPU.Build.0 = Debug|Any CPU
		{AD2D54C3-05B1-4C86-9FDD-9A1E8B5CBFC0}.Release|Any CPU.ActiveCfg = Release|Any CPU
		{AD2D54C3-05B1-4C86-9FDD-9A1E8B5CBFC0}.Release|Any CPU.Build.0 = Release|Any CPU
	EndGlobalSection
	GlobalSection(SolutionProperties) = preSolution
		HideSolutionNode = FALSE
	EndGlobalSection
	GlobalSection(ExtensibilityGlobals) = postSolution
		SolutionGuid = {BA1B5260-C6BD-4B1F-9663-F17107C29235}
	EndGlobalSection
EndGlobal
